
Microsoft Visual Studio Solution File, Format Version 12.00
# Visual Studio Version 16
VisualStudioVersion = 16.0.30011.22
MinimumVisualStudioVersion = 10.0.40219.1
Project("{FAE04EC0-301F-11D3-BF4B-00C04F79EFBC}") = "HandsOnAsynchronous", "HandsOnAsynchronous\HandsOnAsynchronous.csproj", "{4BF69A87-A0E8-43D7-9D6B-E12241E4EE8D}"
EndProject
Global
	GlobalSection(SolutionConfigurationPlatforms) = preSolution
		Debug|Any CPU = Debug|Any CPU
		Release|Any CPU = Release|Any CPU
	EndGlobalSection
	GlobalSection(ProjectConfigurationPlatforms) = postSolution
		{4BF69A87-A0E8-43D7-9D6B-E12241E4EE8D}.Debug|Any CPU.ActiveCfg = Debug|Any CPU
		{4BF69A87-A0E8-43D7-9D6B-E12241E4EE8D}.Debug|Any CPU.Build.0 = Debug|Any CPU
		{4BF69A87-A0E8-43D7-9D6B-E12241E4EE8D}.Release|Any CPU.ActiveCfg = Release|Any CPU
		{4BF69A87-A0E8-43D7-9D6B-E12241E4EE8D}.Release|Any CPU.Build.0 = Release|Any CPU
	EndGlobalSection
	GlobalSection(SolutionProperties) = preSolution
		HideSolutionNode = FALSE
	EndGlobalSection
	GlobalSection(ExtensibilityGlobals) = postSolution
		SolutionGuid = {DEFFF399-E7AD-4D2A-BDEA-AA15AA759ADC}
	EndGlobalSection
EndGlobal
