
Microsoft Visual Studio Solution File, Format Version 12.00
# Visual Studio Version 16
VisualStudioVersion = 16.0.30011.22
MinimumVisualStudioVersion = 10.0.40219.1
Project("{FAE04EC0-301F-11D3-BF4B-00C04F79EFBC}") = "HandsonEFcore", "HandsonEFcore\HandsonEFcore.csproj", "{3F6BC7B0-E3B7-4A22-9260-82527E5A9E5D}"
EndProject
Project("{FAE04EC0-301F-11D3-BF4B-00C04F79EFBC}") = "Employe", "Employe\Employe.csproj", "{08157098-C094-405C-9255-AD6DF8C280F6}"
EndProject
Project("{FAE04EC0-301F-11D3-BF4B-00C04F79EFBC}") = "EmployeeDB", "EmployeeDB\EmployeeDB.csproj", "{A03B4C1A-51E9-4485-9D64-E4AC37AF7CDE}"
EndProject
Global
	GlobalSection(SolutionConfigurationPlatforms) = preSolution
		Debug|Any CPU = Debug|Any CPU
		Release|Any CPU = Release|Any CPU
	EndGlobalSection
	GlobalSection(ProjectConfigurationPlatforms) = postSolution
		{3F6BC7B0-E3B7-4A22-9260-82527E5A9E5D}.Debug|Any CPU.ActiveCfg = Debug|Any CPU
		{3F6BC7B0-E3B7-4A22-9260-82527E5A9E5D}.Debug|Any CPU.Build.0 = Debug|Any CPU
		{3F6BC7B0-E3B7-4A22-9260-82527E5A9E5D}.Release|Any CPU.ActiveCfg = Release|Any CPU
		{3F6BC7B0-E3B7-4A22-9260-82527E5A9E5D}.Release|Any CPU.Build.0 = Release|Any CPU
		{08157098-C094-405C-9255-AD6DF8C280F6}.Debug|Any CPU.ActiveCfg = Debug|Any CPU
		{08157098-C094-405C-9255-AD6DF8C280F6}.Debug|Any CPU.Build.0 = Debug|Any CPU
		{08157098-C094-405C-9255-AD6DF8C280F6}.Release|Any CPU.ActiveCfg = Release|Any CPU
		{08157098-C094-405C-9255-AD6DF8C280F6}.Release|Any CPU.Build.0 = Release|Any CPU
		{A03B4C1A-51E9-4485-9D64-E4AC37AF7CDE}.Debug|Any CPU.ActiveCfg = Debug|Any CPU
		{A03B4C1A-51E9-4485-9D64-E4AC37AF7CDE}.Debug|Any CPU.Build.0 = Debug|Any CPU
		{A03B4C1A-51E9-4485-9D64-E4AC37AF7CDE}.Release|Any CPU.ActiveCfg = Release|Any CPU
		{A03B4C1A-51E9-4485-9D64-E4AC37AF7CDE}.Release|Any CPU.Build.0 = Release|Any CPU
	EndGlobalSection
	GlobalSection(SolutionProperties) = preSolution
		HideSolutionNode = FALSE
	EndGlobalSection
	GlobalSection(ExtensibilityGlobals) = postSolution
		SolutionGuid = {47BF50E6-8A81-4590-A863-38330431066A}
	EndGlobalSection
EndGlobal
